{
  "originHash" : "f7e1e85fab6797f6d65ac18950ef3969dc0b64be92b565c4a949454f753e10f2",
  "pins" : [
    {
      "identity" : "chatlayout",
      "kind" : "remoteSourceControl",
      "location" : "https://github.com/ekazaev/ChatLayout",
      "state" : {
        "revision" : "dd4cb5c8f91623331ba023d0ab64d844f8436204",
        "version" : "2.5.2"
      }
    },
    {
      "identity" : "highlightr",
      "kind" : "remoteSourceControl",
      "location" : "https://github.com/raspu/Highlightr",
      "state" : {
        "revision" : "05e7fcc63b33925cd0c1faaa205cdd5681e7bbef",
        "version" : "2.3.0"
      }
    },
    {
      "identity" : "litext",
      "kind" : "remoteSourceControl",
      "location" : "https://github.com/Lakr233/Litext",
      "state" : {
        "revision" : "130b4eef642d76a3d2dcf07ab966f32f08e14b90",
        "version" : "2.2.1"
      }
    },
    {
      "identity" : "lrucache",
      "kind" : "remoteSourceControl",
      "location" : "https://github.com/nicklockwood/LRUCache",
      "state" : {
        "revision" : "cb5b2bd0da83ad29c0bec762d39f41c8ad0eaf3e",
        "version" : "1.2.1"
      }
    },
    {
      "identity" : "markdownview",
      "kind" : "remoteSourceControl",
      "location" : "https://github.com/Lakr233/MarkdownView",
      "state" : {
        "revision" : "782352446014a579d64f2c5508aa7434747845e8",
        "version" : "4.3.1"
      }
    },
    {
      "identity" : "posthog-ios",
      "kind" : "remoteSourceControl",
      "location" : "https://github.com/PostHog/posthog-ios",
      "state" : {
        "revision" : "88f4b6b565368762d8fe4c33080b9d8f80ea63c6",
        "version" : "3.89.1"
      }
    },
    {
      "identity" : "swift-cmark",
      "kind" : "remoteSourceControl",
      "location" : "https://github.com/swiftlang/swift-cmark",
      "state" : {
        "revision" : "924936d0427cb25a61169739a7660230bffa6ea6",
        "version" : "0.8.0"
      }
    },
    {
      "identity" : "swift-collections",
      "kind" : "remoteSourceControl",
      "location" : "https://github.com/apple/swift-collections",
      "state" : {
        "revision" : "a0cb0954ecb21e4e31b0070e6ed5674e8556685a",
        "version" : "1.6.0"
      }
    },
    {
      "identity" : "swiftmath",
      "kind" : "remoteSourceControl",
      "location" : "https://github.com/mgriebling/SwiftMath",
      "state" : {
        "revision" : "fa8244ed032f4a1ade4cb0571bf87d2f1a9fd2d7",
        "version" : "1.7.3"
      }
    }
  ],
  "version" : 3
}
