{
  "name": "nuphos-railway",
  "lockfileVersion": 3,
  "requires": true,
  "packages": {
    "": {
      "name": "nuphos-railway",
      "dependencies": {
        "railway": "3.13.1",
        "yaml": "2.8.1"
      },
      "devDependencies": {
        "@types/node": "22.18.6",
        "typescript": "5.9.3"
      }
    },
    "node_modules/@graphql-typed-document-node/core": {
      "version": "3.2.0",
      "resolved": "https://registry.npmjs.org/@graphql-typed-document-node/core/-/core-3.2.0.tgz",
      "integrity": "sha512-mB9oAsNCm9aM3/SOv4YtBMqZbYj10R7dkq8byBqxGY/ncFwhf2oQzMV+LCRlWoDSEBJ3COiR1yeDvMtsoOsuFQ==",
      "license": "MIT",
      "peerDependencies": {
        "graphql": "^0.8.0 || ^0.9.0 || ^0.10.0 || ^0.11.0 || ^0.12.0 || ^0.13.0 || ^14.0.0 || ^15.0.0 || ^16.0.0 || ^17.0.0"
      }
    },
    "node_modules/@types/node": {
      "version": "22.18.6",
      "resolved": "https://registry.npmjs.org/@types/node/-/node-22.18.6.tgz",
      "integrity": "sha512-r8uszLPpeIWbNKtvWRt/DbVi5zbqZyj1PTmhRMqBMvDnaz1QpmSKujUtJLrqGZeoM8v72MfYggDceY4K1itzWQ==",
      "dev": true,
      "license": "MIT",
      "dependencies": {
        "undici-types": "~6.21.0"
      }
    },
    "node_modules/graphql": {
      "version": "16.14.2",
      "resolved": "https://registry.npmjs.org/graphql/-/graphql-16.14.2.tgz",
      "integrity": "sha512-Chq1s4CY7jmh8gO2qvLIJyfCDIN+EHLFW/9iShnp1z8FjBQMoodWP1kDC36VAMXXIvAjj4ARa7ntfAV2BrjsbA==",
      "license": "MIT",
      "engines": {
        "node": "^12.22.0 || ^14.16.0 || ^16.0.0 || >=17.0.0"
      }
    },
    "node_modules/railway": {
      "version": "3.13.1",
      "resolved": "https://registry.npmjs.org/railway/-/railway-3.13.1.tgz",
      "integrity": "sha512-kfWBPCfHwLZthD5aFqIXODZTRKS0bJ2D19ibDdPOulinFly1Csdg+O24GrYfn3Z16+zARJxOADoVxn4czmjKCw==",
      "license": "MIT",
      "dependencies": {
        "@graphql-typed-document-node/core": "^3.2.0",
        "graphql": "^16.10.0"
      },
      "bin": {
        "railway-iac-ts": "dist/iac/bin.js"
      },
      "engines": {
        "node": ">=22"
      }
    },
    "node_modules/typescript": {
      "version": "5.9.3",
      "resolved": "https://registry.npmjs.org/typescript/-/typescript-5.9.3.tgz",
      "integrity": "sha512-jl1vZzPDinLr9eUt3J/t7V6FgNEw9QjvBPdysz9KfQDD41fQrC2Y4vKQdiaUpFT4bXlb1RHhLpp8wtm6M5TgSw==",
      "dev": true,
      "license": "Apache-2.0",
      "bin": {
        "tsc": "bin/tsc",
        "tsserver": "bin/tsserver"
      },
      "engines": {
        "node": ">=14.17"
      }
    },
    "node_modules/undici-types": {
      "version": "6.21.0",
      "resolved": "https://registry.npmjs.org/undici-types/-/undici-types-6.21.0.tgz",
      "integrity": "sha512-iwDZqg0QAGrg9Rav5H4n0M64c3mkR59cJ6wQp+7C4nI0gsmExaedaYLNO44eT4AtBBwjbTiGPMlt2Md0T9H9JQ==",
      "dev": true,
      "license": "MIT"
    },
    "node_modules/yaml": {
      "version": "2.8.1",
      "resolved": "https://registry.npmjs.org/yaml/-/yaml-2.8.1.tgz",
      "integrity": "sha512-lcYcMxX2PO9XMGvAJkJ3OsNMw+/7FKes7/hgerGUYWIoWu5j/+YQqcZr5JnPZWzOsEBgMbSbiSTn/dv/69Mkpw==",
      "license": "ISC",
      "bin": {
        "yaml": "bin.mjs"
      },
      "engines": {
        "node": ">= 14.6"
      }
    }
  }
}
